
Microsoft Visual Studio Solution File, Format Version 12.00
# Visual Studio Version 16
VisualStudioVersion = 16.0.29020.237
MinimumVisualStudioVersion = 10.0.40219.1
Project("{9A19103F-16F7-4668-BE54-9A1E7A4F7556}") = "SampleApp", "SampleApp.csproj", "{0E94507B-3C24-4A84-89D9-8832D9F84DEA}"
EndProject
Project("{FAE04EC0-301F-11D3-BF4B-00C04F79EFBC}") = "Sample.Tests", "..\Sample.Tests\Sample.Tests.csproj", "{5B9DCA64-81DA-4636-9DCF-F8C0AFA20DDC}"
EndProject
Global
	GlobalSection(SolutionConfigurationPlatforms) = preSolution
		Debug|Any CPU = Debug|Any CPU
		Release|Any CPU = Release|Any CPU
	EndGlobalSection
	GlobalSection(ProjectConfigurationPlatforms) = postSolution
		{0E94507B-3C24-4A84-89D9-8832D9F84DEA}.Debug|Any CPU.ActiveCfg = Debug|Any CPU
		{0E94507B-3C24-4A84-89D9-8832D9F84DEA}.Debug|Any CPU.Build.0 = Debug|Any CPU
		{0E94507B-3C24-4A84-89D9-8832D9F84DEA}.Release|Any CPU.ActiveCfg = Release|Any CPU
		{0E94507B-3C24-4A84-89D9-8832D9F84DEA}.Release|Any CPU.Build.0 = Release|Any CPU
		{5B9DCA64-81DA-4636-9DCF-F8C0AFA20DDC}.Debug|Any CPU.ActiveCfg = Debug|Any CPU
		{5B9DCA64-81DA-4636-9DCF-F8C0AFA20DDC}.Debug|Any CPU.Build.0 = Debug|Any CPU
		{5B9DCA64-81DA-4636-9DCF-F8C0AFA20DDC}.Release|Any CPU.ActiveCfg = Release|Any CPU
		{5B9DCA64-81DA-4636-9DCF-F8C0AFA20DDC}.Release|Any CPU.Build.0 = Release|Any CPU
	EndGlobalSection
	GlobalSection(SolutionProperties) = preSolution
		HideSolutionNode = FALSE
	EndGlobalSection
	GlobalSection(ExtensibilityGlobals) = postSolution
		SolutionGuid = {95B61979-499F-41D5-A5E3-F41196DDC7F2}
	EndGlobalSection
EndGlobal
